
Microsoft Visual Studio Solution File, Format Version 12.00
# Visual Studio Version 17
VisualStudioVersion = 17.11.35312.102
MinimumVisualStudioVersion = 10.0.40219.1
Project("{9A19103F-16F7-4668-BE54-9A1E7A4F7556}") = "Data", "VIS_project\Data.csproj", "{45168D9C-99A1-49EF-8FDA-7AFBFCAC646A}"
EndProject
Global
	GlobalSection(SolutionConfigurationPlatforms) = preSolution
		Debug|Any CPU = Debug|Any CPU
		Release|Any CPU = Release|Any CPU
	EndGlobalSection
	GlobalSection(ProjectConfigurationPlatforms) = postSolution
		{45168D9C-99A1-49EF-8FDA-7AFBFCAC646A}.Debug|Any CPU.ActiveCfg = Debug|Any CPU
		{45168D9C-99A1-49EF-8FDA-7AFBFCAC646A}.Debug|Any CPU.Build.0 = Debug|Any CPU
		{45168D9C-99A1-49EF-8FDA-7AFBFCAC646A}.Release|Any CPU.ActiveCfg = Release|Any CPU
		{45168D9C-99A1-49EF-8FDA-7AFBFCAC646A}.Release|Any CPU.Build.0 = Release|Any CPU
	EndGlobalSection
	GlobalSection(SolutionProperties) = preSolution
		HideSolutionNode = FALSE
	EndGlobalSection
	GlobalSection(ExtensibilityGlobals) = postSolution
		SolutionGuid = {A6C98086-35A1-4C7B-A696-BA8B363FD634}
	EndGlobalSection
EndGlobal
